
Microsoft Visual Studio Solution File, Format Version 12.00
# Visual Studio Version 17
VisualStudioVersion = 17.5.33530.505
MinimumVisualStudioVersion = 10.0.40219.1
Project("{9A19103F-16F7-4668-BE54-9A1E7A4F7556}") = "MathCal", "MathCal\MathCal.csproj", "{4ACD5DB1-5DCA-43BA-85AE-B57AF3B7FAD0}"
EndProject
Global
	GlobalSection(SolutionConfigurationPlatforms) = preSolution
		Debug|Any CPU = Debug|Any CPU
		Release|Any CPU = Release|Any CPU
	EndGlobalSection
	GlobalSection(ProjectConfigurationPlatforms) = postSolution
		{4ACD5DB1-5DCA-43BA-85AE-B57AF3B7FAD0}.Debug|Any CPU.ActiveCfg = Debug|Any CPU
		{4ACD5DB1-5DCA-43BA-85AE-B57AF3B7FAD0}.Debug|Any CPU.Build.0 = Debug|Any CPU
		{4ACD5DB1-5DCA-43BA-85AE-B57AF3B7FAD0}.Release|Any CPU.ActiveCfg = Release|Any CPU
		{4ACD5DB1-5DCA-43BA-85AE-B57AF3B7FAD0}.Release|Any CPU.Build.0 = Release|Any CPU
	EndGlobalSection
	GlobalSection(SolutionProperties) = preSolution
		HideSolutionNode = FALSE
	EndGlobalSection
	GlobalSection(ExtensibilityGlobals) = postSolution
		SolutionGuid = {FDA3C3B9-6D86-4232-8343-3C20A7D84A48}
	EndGlobalSection
EndGlobal
